# Generated by pub
# See https://dart.dev/tools/pub/glossary#lockfile
packages:
  formz:
    dependency: "direct main"
    description:
      name: formz
      url: "https://pub.dartlang.org"
    source: hosted
    version: "0.4.1"
  very_good_analysis:
    dependency: "direct dev"
    description:
      name: very_good_analysis
      url: "https://pub.dartlang.org"
    source: hosted
    version: "2.4.0"
sdks:
  dart: ">=2.16.0 <3.0.0"
